
Microsoft Visual Studio Solution File, Format Version 12.00
# Visual Studio 14
VisualStudioVersion = 14.0.23107.0
MinimumVisualStudioVersion = 10.0.40219.1
Project("{FAE04EC0-301F-11D3-BF4B-00C04F79EFBC}") = "AwfulForumsReader", "AwfulForumsReader\AwfulForumsReader.csproj", "{4B008FEF-4E11-4F3F-9E0C-98FAF83A15CE}"
EndProject
Project("{FAE04EC0-301F-11D3-BF4B-00C04F79EFBC}") = "AwfulForumsLibrary", "..\AwfulForumsLibrary\AwfulForumsLibrary\AwfulForumsLibrary.csproj", "{02DB53CB-7539-4EC0-A7CF-36070640193F}"
EndProject
Project("{FAE04EC0-301F-11D3-BF4B-00C04F79EFBC}") = "AwfulForumsReader.Database", "AwfulForumsReader.Database\AwfulForumsReader.Database.csproj", "{8D732328-1CAE-405A-879D-7A81985C3FDE}"
EndProject
Project("{FAE04EC0-301F-11D3-BF4B-00C04F79EFBC}") = "AwfulForumsReader.Notification", "AwfulForumsReader.Notification\AwfulForumsReader.Notification.csproj", "{A5331D72-A2FD-4E96-B9EE-C9C3A2EE4116}"
EndProject
Project("{FAE04EC0-301F-11D3-BF4B-00C04F79EFBC}") = "AwfulForumsReader.BackgroundNotify", "AwfulForumsReader.BackgroundNotify\AwfulForumsReader.BackgroundNotify.csproj", "{7DC031FB-176E-4CF2-8C86-57D9DA15B755}"
EndProject
Project("{FAE04EC0-301F-11D3-BF4B-00C04F79EFBC}") = "AwfulForumsReader.VoiceCommands", "AwfulVoiceService\AwfulForumsReader.VoiceCommands.csproj", "{B09AA9B9-3AE0-4B1A-BD20-0B9DB8715FD9}"
EndProject
Global
	GlobalSection(SolutionConfigurationPlatforms) = preSolution
		Debug|Any CPU = Debug|Any CPU
		Debug|ARM = Debug|ARM
		Debug|x64 = Debug|x64
		Debug|x86 = Debug|x86
		Release|Any CPU = Release|Any CPU
		Release|ARM = Release|ARM
		Release|x64 = Release|x64
		Release|x86 = Release|x86
	EndGlobalSection
	GlobalSection(ProjectConfigurationPlatforms) = postSolution
		{4B008FEF-4E11-4F3F-9E0C-98FAF83A15CE}.Debug|Any CPU.ActiveCfg = Debug|x86
		{4B008FEF-4E11-4F3F-9E0C-98FAF83A15CE}.Debug|ARM.ActiveCfg = Debug|ARM
		{4B008FEF-4E11-4F3F-9E0C-98FAF83A15CE}.Debug|ARM.Build.0 = Debug|ARM
		{4B008FEF-4E11-4F3F-9E0C-98FAF83A15CE}.Debug|ARM.Deploy.0 = Debug|ARM
		{4B008FEF-4E11-4F3F-9E0C-98FAF83A15CE}.Debug|x64.ActiveCfg = Debug|x64
		{4B008FEF-4E11-4F3F-9E0C-98FAF83A15CE}.Debug|x64.Build.0 = Debug|x64
		{4B008FEF-4E11-4F3F-9E0C-98FAF83A15CE}.Debug|x64.Deploy.0 = Debug|x64
		{4B008FEF-4E11-4F3F-9E0C-98FAF83A15CE}.Debug|x86.ActiveCfg = Debug|x86
		{4B008FEF-4E11-4F3F-9E0C-98FAF83A15CE}.Debug|x86.Build.0 = Debug|x86
		{4B008FEF-4E11-4F3F-9E0C-98FAF83A15CE}.Debug|x86.Deploy.0 = Debug|x86
		{4B008FEF-4E11-4F3F-9E0C-98FAF83A15CE}.Release|Any CPU.ActiveCfg = Release|x86
		{4B008FEF-4E11-4F3F-9E0C-98FAF83A15CE}.Release|ARM.ActiveCfg = Release|ARM
		{4B008FEF-4E11-4F3F-9E0C-98FAF83A15CE}.Release|ARM.Build.0 = Release|ARM
		{4B008FEF-4E11-4F3F-9E0C-98FAF83A15CE}.Release|ARM.Deploy.0 = Release|ARM
		{4B008FEF-4E11-4F3F-9E0C-98FAF83A15CE}.Release|x64.ActiveCfg = Release|x64
		{4B008FEF-4E11-4F3F-9E0C-98FAF83A15CE}.Release|x64.Build.0 = Release|x64
		{4B008FEF-4E11-4F3F-9E0C-98FAF83A15CE}.Release|x64.Deploy.0 = Release|x64
		{4B008FEF-4E11-4F3F-9E0C-98FAF83A15CE}.Release|x86.ActiveCfg = Release|x86
		{4B008FEF-4E11-4F3F-9E0C-98FAF83A15CE}.Release|x86.Build.0 = Release|x86
		{4B008FEF-4E11-4F3F-9E0C-98FAF83A15CE}.Release|x86.Deploy.0 = Release|x86
		{02DB53CB-7539-4EC0-A7CF-36070640193F}.Debug|Any CPU.ActiveCfg = Debug|Any CPU
		{02DB53CB-7539-4EC0-A7CF-36070640193F}.Debug|Any CPU.Build.0 = Debug|Any CPU
		{02DB53CB-7539-4EC0-A7CF-36070640193F}.Debug|ARM.ActiveCfg = Debug|Any CPU
		{02DB53CB-7539-4EC0-A7CF-36070640193F}.Debug|ARM.Build.0 = Debug|Any CPU
		{02DB53CB-7539-4EC0-A7CF-36070640193F}.Debug|x64.ActiveCfg = Debug|Any CPU
		{02DB53CB-7539-4EC0-A7CF-36070640193F}.Debug|x64.Build.0 = Debug|Any CPU
		{02DB53CB-7539-4EC0-A7CF-36070640193F}.Debug|x86.ActiveCfg = Debug|Any CPU
		{02DB53CB-7539-4EC0-A7CF-36070640193F}.Debug|x86.Build.0 = Debug|Any CPU
		{02DB53CB-7539-4EC0-A7CF-36070640193F}.Release|Any CPU.ActiveCfg = Release|Any CPU
		{02DB53CB-7539-4EC0-A7CF-36070640193F}.Release|Any CPU.Build.0 = Release|Any CPU
		{02DB53CB-7539-4EC0-A7CF-36070640193F}.Release|ARM.ActiveCfg = Release|Any CPU
		{02DB53CB-7539-4EC0-A7CF-36070640193F}.Release|ARM.Build.0 = Release|Any CPU
		{02DB53CB-7539-4EC0-A7CF-36070640193F}.Release|x64.ActiveCfg = Release|Any CPU
		{02DB53CB-7539-4EC0-A7CF-36070640193F}.Release|x64.Build.0 = Release|Any CPU
		{02DB53CB-7539-4EC0-A7CF-36070640193F}.Release|x86.ActiveCfg = Release|Any CPU
		{02DB53CB-7539-4EC0-A7CF-36070640193F}.Release|x86.Build.0 = Release|Any CPU
		{8D732328-1CAE-405A-879D-7A81985C3FDE}.Debug|Any CPU.ActiveCfg = Debug|Any CPU
		{8D732328-1CAE-405A-879D-7A81985C3FDE}.Debug|Any CPU.Build.0 = Debug|Any CPU
		{8D732328-1CAE-405A-879D-7A81985C3FDE}.Debug|ARM.ActiveCfg = Debug|ARM
		{8D732328-1CAE-405A-879D-7A81985C3FDE}.Debug|ARM.Build.0 = Debug|ARM
		{8D732328-1CAE-405A-879D-7A81985C3FDE}.Debug|x64.ActiveCfg = Debug|x64
		{8D732328-1CAE-405A-879D-7A81985C3FDE}.Debug|x64.Build.0 = Debug|x64
		{8D732328-1CAE-405A-879D-7A81985C3FDE}.Debug|x86.ActiveCfg = Debug|x86
		{8D732328-1CAE-405A-879D-7A81985C3FDE}.Debug|x86.Build.0 = Debug|x86
		{8D732328-1CAE-405A-879D-7A81985C3FDE}.Release|Any CPU.ActiveCfg = Release|Any CPU
		{8D732328-1CAE-405A-879D-7A81985C3FDE}.Release|Any CPU.Build.0 = Release|Any CPU
		{8D732328-1CAE-405A-879D-7A81985C3FDE}.Release|ARM.ActiveCfg = Release|ARM
		{8D732328-1CAE-405A-879D-7A81985C3FDE}.Release|ARM.Build.0 = Release|ARM
		{8D732328-1CAE-405A-879D-7A81985C3FDE}.Release|x64.ActiveCfg = Release|x64
		{8D732328-1CAE-405A-879D-7A81985C3FDE}.Release|x64.Build.0 = Release|x64
		{8D732328-1CAE-405A-879D-7A81985C3FDE}.Release|x86.ActiveCfg = Release|x86
		{8D732328-1CAE-405A-879D-7A81985C3FDE}.Release|x86.Build.0 = Release|x86
		{A5331D72-A2FD-4E96-B9EE-C9C3A2EE4116}.Debug|Any CPU.ActiveCfg = Debug|Any CPU
		{A5331D72-A2FD-4E96-B9EE-C9C3A2EE4116}.Debug|Any CPU.Build.0 = Debug|Any CPU
		{A5331D72-A2FD-4E96-B9EE-C9C3A2EE4116}.Debug|ARM.ActiveCfg = Debug|ARM
		{A5331D72-A2FD-4E96-B9EE-C9C3A2EE4116}.Debug|ARM.Build.0 = Debug|ARM
		{A5331D72-A2FD-4E96-B9EE-C9C3A2EE4116}.Debug|x64.ActiveCfg = Debug|x64
		{A5331D72-A2FD-4E96-B9EE-C9C3A2EE4116}.Debug|x64.Build.0 = Debug|x64
		{A5331D72-A2FD-4E96-B9EE-C9C3A2EE4116}.Debug|x86.ActiveCfg = Debug|x86
		{A5331D72-A2FD-4E96-B9EE-C9C3A2EE4116}.Debug|x86.Build.0 = Debug|x86
		{A5331D72-A2FD-4E96-B9EE-C9C3A2EE4116}.Release|Any CPU.ActiveCfg = Release|Any CPU
		{A5331D72-A2FD-4E96-B9EE-C9C3A2EE4116}.Release|Any CPU.Build.0 = Release|Any CPU
		{A5331D72-A2FD-4E96-B9EE-C9C3A2EE4116}.Release|ARM.ActiveCfg = Release|ARM
		{A5331D72-A2FD-4E96-B9EE-C9C3A2EE4116}.Release|ARM.Build.0 = Release|ARM
		{A5331D72-A2FD-4E96-B9EE-C9C3A2EE4116}.Release|x64.ActiveCfg = Release|x64
		{A5331D72-A2FD-4E96-B9EE-C9C3A2EE4116}.Release|x64.Build.0 = Release|x64
		{A5331D72-A2FD-4E96-B9EE-C9C3A2EE4116}.Release|x86.ActiveCfg = Release|x86
		{A5331D72-A2FD-4E96-B9EE-C9C3A2EE4116}.Release|x86.Build.0 = Release|x86
		{7DC031FB-176E-4CF2-8C86-57D9DA15B755}.Debug|Any CPU.ActiveCfg = Debug|Any CPU
		{7DC031FB-176E-4CF2-8C86-57D9DA15B755}.Debug|Any CPU.Build.0 = Debug|Any CPU
		{7DC031FB-176E-4CF2-8C86-57D9DA15B755}.Debug|ARM.ActiveCfg = Debug|ARM
		{7DC031FB-176E-4CF2-8C86-57D9DA15B755}.Debug|ARM.Build.0 = Debug|ARM
		{7DC031FB-176E-4CF2-8C86-57D9DA15B755}.Debug|x64.ActiveCfg = Debug|x64
		{7DC031FB-176E-4CF2-8C86-57D9DA15B755}.Debug|x64.Build.0 = Debug|x64
		{7DC031FB-176E-4CF2-8C86-57D9DA15B755}.Debug|x86.ActiveCfg = Debug|x86
		{7DC031FB-176E-4CF2-8C86-57D9DA15B755}.Debug|x86.Build.0 = Debug|x86
		{7DC031FB-176E-4CF2-8C86-57D9DA15B755}.Release|Any CPU.ActiveCfg = Release|Any CPU
		{7DC031FB-176E-4CF2-8C86-57D9DA15B755}.Release|Any CPU.Build.0 = Release|Any CPU
		{7DC031FB-176E-4CF2-8C86-57D9DA15B755}.Release|ARM.ActiveCfg = Release|ARM
		{7DC031FB-176E-4CF2-8C86-57D9DA15B755}.Release|ARM.Build.0 = Release|ARM
		{7DC031FB-176E-4CF2-8C86-57D9DA15B755}.Release|x64.ActiveCfg = Release|x64
		{7DC031FB-176E-4CF2-8C86-57D9DA15B755}.Release|x64.Build.0 = Release|x64
		{7DC031FB-176E-4CF2-8C86-57D9DA15B755}.Release|x86.ActiveCfg = Release|x86
		{7DC031FB-176E-4CF2-8C86-57D9DA15B755}.Release|x86.Build.0 = Release|x86
		{B09AA9B9-3AE0-4B1A-BD20-0B9DB8715FD9}.Debug|Any CPU.ActiveCfg = Debug|Any CPU
		{B09AA9B9-3AE0-4B1A-BD20-0B9DB8715FD9}.Debug|Any CPU.Build.0 = Debug|Any CPU
		{B09AA9B9-3AE0-4B1A-BD20-0B9DB8715FD9}.Debug|ARM.ActiveCfg = Debug|ARM
		{B09AA9B9-3AE0-4B1A-BD20-0B9DB8715FD9}.Debug|ARM.Build.0 = Debug|ARM
		{B09AA9B9-3AE0-4B1A-BD20-0B9DB8715FD9}.Debug|x64.ActiveCfg = Debug|x64
		{B09AA9B9-3AE0-4B1A-BD20-0B9DB8715FD9}.Debug|x64.Build.0 = Debug|x64
		{B09AA9B9-3AE0-4B1A-BD20-0B9DB8715FD9}.Debug|x86.ActiveCfg = Debug|x86
		{B09AA9B9-3AE0-4B1A-BD20-0B9DB8715FD9}.Debug|x86.Build.0 = Debug|x86
		{B09AA9B9-3AE0-4B1A-BD20-0B9DB8715FD9}.Release|Any CPU.ActiveCfg = Release|Any CPU
		{B09AA9B9-3AE0-4B1A-BD20-0B9DB8715FD9}.Release|Any CPU.Build.0 = Release|Any CPU
		{B09AA9B9-3AE0-4B1A-BD20-0B9DB8715FD9}.Release|ARM.ActiveCfg = Release|ARM
		{B09AA9B9-3AE0-4B1A-BD20-0B9DB8715FD9}.Release|ARM.Build.0 = Release|ARM
		{B09AA9B9-3AE0-4B1A-BD20-0B9DB8715FD9}.Release|x64.ActiveCfg = Release|x64
		{B09AA9B9-3AE0-4B1A-BD20-0B9DB8715FD9}.Release|x64.Build.0 = Release|x64
		{B09AA9B9-3AE0-4B1A-BD20-0B9DB8715FD9}.Release|x86.ActiveCfg = Release|x86
		{B09AA9B9-3AE0-4B1A-BD20-0B9DB8715FD9}.Release|x86.Build.0 = Release|x86
	EndGlobalSection
	GlobalSection(SolutionProperties) = preSolution
		HideSolutionNode = FALSE
	EndGlobalSection
EndGlobal
