
Microsoft Visual Studio Solution File, Format Version 12.00
# Visual Studio 14
VisualStudioVersion = 14.0.22823.1
MinimumVisualStudioVersion = 10.0.40219.1
Project("{FAE04EC0-301F-11D3-BF4B-00C04F79EFBC}") = "AwfulForumsReader", "AwfulForumsReader\AwfulForumsReader.csproj", "{EADC72AC-ECB2-47F7-A17B-185C514C6DD8}"
EndProject
Project("{FAE04EC0-301F-11D3-BF4B-00C04F79EFBC}") = "AwfulForumsLibrary", "..\..\AwfulForumsLibrary\AwfulForumsLibrary\AwfulForumsLibrary.csproj", "{02DB53CB-7539-4EC0-A7CF-36070640193F}"
EndProject
Project("{FAE04EC0-301F-11D3-BF4B-00C04F79EFBC}") = "AwfulForumsReader.Notification", "..\AwfulForumsReader.Notification\AwfulForumsReader.Notification.csproj", "{47409EAB-FFBD-49C9-8296-E39B47F4EA74}"
EndProject
Project("{FAE04EC0-301F-11D3-BF4B-00C04F79EFBC}") = "AwfulForumsReader.Database", "AwfulForumsReader.Database\AwfulForumsReader.Database.csproj", "{79ECE96B-4248-4D5A-B2B7-90E9C7D38EC6}"
EndProject
Project("{FAE04EC0-301F-11D3-BF4B-00C04F79EFBC}") = "AwfulForumsReader.BackgroundNotify", "AwfulForumsReader.BackgroundNotify\AwfulForumsReader.BackgroundNotify.csproj", "{08316E7A-C1B7-4C75-B5CF-34FC87C1A5A4}"
EndProject
Global
	GlobalSection(SolutionConfigurationPlatforms) = preSolution
		Beta Debug|Any CPU = Beta Debug|Any CPU
		Beta Debug|ARM = Beta Debug|ARM
		Beta Debug|x64 = Beta Debug|x64
		Beta Debug|x86 = Beta Debug|x86
		Debug|Any CPU = Debug|Any CPU
		Debug|ARM = Debug|ARM
		Debug|x64 = Debug|x64
		Debug|x86 = Debug|x86
		Release|Any CPU = Release|Any CPU
		Release|ARM = Release|ARM
		Release|x64 = Release|x64
		Release|x86 = Release|x86
	EndGlobalSection
	GlobalSection(ProjectConfigurationPlatforms) = postSolution
		{EADC72AC-ECB2-47F7-A17B-185C514C6DD8}.Beta Debug|Any CPU.ActiveCfg = Debug|Any CPU
		{EADC72AC-ECB2-47F7-A17B-185C514C6DD8}.Beta Debug|Any CPU.Build.0 = Debug|Any CPU
		{EADC72AC-ECB2-47F7-A17B-185C514C6DD8}.Beta Debug|Any CPU.Deploy.0 = Debug|Any CPU
		{EADC72AC-ECB2-47F7-A17B-185C514C6DD8}.Beta Debug|ARM.ActiveCfg = Debug|ARM
		{EADC72AC-ECB2-47F7-A17B-185C514C6DD8}.Beta Debug|ARM.Build.0 = Debug|ARM
		{EADC72AC-ECB2-47F7-A17B-185C514C6DD8}.Beta Debug|ARM.Deploy.0 = Debug|ARM
		{EADC72AC-ECB2-47F7-A17B-185C514C6DD8}.Beta Debug|x64.ActiveCfg = Debug|x64
		{EADC72AC-ECB2-47F7-A17B-185C514C6DD8}.Beta Debug|x64.Build.0 = Debug|x64
		{EADC72AC-ECB2-47F7-A17B-185C514C6DD8}.Beta Debug|x64.Deploy.0 = Debug|x64
		{EADC72AC-ECB2-47F7-A17B-185C514C6DD8}.Beta Debug|x86.ActiveCfg = Debug|x86
		{EADC72AC-ECB2-47F7-A17B-185C514C6DD8}.Beta Debug|x86.Build.0 = Debug|x86
		{EADC72AC-ECB2-47F7-A17B-185C514C6DD8}.Beta Debug|x86.Deploy.0 = Debug|x86
		{EADC72AC-ECB2-47F7-A17B-185C514C6DD8}.Debug|Any CPU.ActiveCfg = Debug|Any CPU
		{EADC72AC-ECB2-47F7-A17B-185C514C6DD8}.Debug|Any CPU.Build.0 = Debug|Any CPU
		{EADC72AC-ECB2-47F7-A17B-185C514C6DD8}.Debug|Any CPU.Deploy.0 = Debug|Any CPU
		{EADC72AC-ECB2-47F7-A17B-185C514C6DD8}.Debug|ARM.ActiveCfg = Debug|ARM
		{EADC72AC-ECB2-47F7-A17B-185C514C6DD8}.Debug|ARM.Build.0 = Debug|ARM
		{EADC72AC-ECB2-47F7-A17B-185C514C6DD8}.Debug|ARM.Deploy.0 = Debug|ARM
		{EADC72AC-ECB2-47F7-A17B-185C514C6DD8}.Debug|x64.ActiveCfg = Debug|x64
		{EADC72AC-ECB2-47F7-A17B-185C514C6DD8}.Debug|x64.Build.0 = Debug|x64
		{EADC72AC-ECB2-47F7-A17B-185C514C6DD8}.Debug|x64.Deploy.0 = Debug|x64
		{EADC72AC-ECB2-47F7-A17B-185C514C6DD8}.Debug|x86.ActiveCfg = Debug|x86
		{EADC72AC-ECB2-47F7-A17B-185C514C6DD8}.Debug|x86.Build.0 = Debug|x86
		{EADC72AC-ECB2-47F7-A17B-185C514C6DD8}.Debug|x86.Deploy.0 = Debug|x86
		{EADC72AC-ECB2-47F7-A17B-185C514C6DD8}.Release|Any CPU.ActiveCfg = Release|Any CPU
		{EADC72AC-ECB2-47F7-A17B-185C514C6DD8}.Release|Any CPU.Build.0 = Release|Any CPU
		{EADC72AC-ECB2-47F7-A17B-185C514C6DD8}.Release|Any CPU.Deploy.0 = Release|Any CPU
		{EADC72AC-ECB2-47F7-A17B-185C514C6DD8}.Release|ARM.ActiveCfg = Release|ARM
		{EADC72AC-ECB2-47F7-A17B-185C514C6DD8}.Release|ARM.Build.0 = Release|ARM
		{EADC72AC-ECB2-47F7-A17B-185C514C6DD8}.Release|ARM.Deploy.0 = Release|ARM
		{EADC72AC-ECB2-47F7-A17B-185C514C6DD8}.Release|x64.ActiveCfg = Release|x64
		{EADC72AC-ECB2-47F7-A17B-185C514C6DD8}.Release|x64.Build.0 = Release|x64
		{EADC72AC-ECB2-47F7-A17B-185C514C6DD8}.Release|x64.Deploy.0 = Release|x64
		{EADC72AC-ECB2-47F7-A17B-185C514C6DD8}.Release|x86.ActiveCfg = Release|x86
		{EADC72AC-ECB2-47F7-A17B-185C514C6DD8}.Release|x86.Build.0 = Release|x86
		{EADC72AC-ECB2-47F7-A17B-185C514C6DD8}.Release|x86.Deploy.0 = Release|x86
		{02DB53CB-7539-4EC0-A7CF-36070640193F}.Beta Debug|Any CPU.ActiveCfg = Debug|Any CPU
		{02DB53CB-7539-4EC0-A7CF-36070640193F}.Beta Debug|Any CPU.Build.0 = Debug|Any CPU
		{02DB53CB-7539-4EC0-A7CF-36070640193F}.Beta Debug|ARM.ActiveCfg = Debug|Any CPU
		{02DB53CB-7539-4EC0-A7CF-36070640193F}.Beta Debug|ARM.Build.0 = Debug|Any CPU
		{02DB53CB-7539-4EC0-A7CF-36070640193F}.Beta Debug|x64.ActiveCfg = Debug|Any CPU
		{02DB53CB-7539-4EC0-A7CF-36070640193F}.Beta Debug|x64.Build.0 = Debug|Any CPU
		{02DB53CB-7539-4EC0-A7CF-36070640193F}.Beta Debug|x86.ActiveCfg = Debug|Any CPU
		{02DB53CB-7539-4EC0-A7CF-36070640193F}.Beta Debug|x86.Build.0 = Debug|Any CPU
		{02DB53CB-7539-4EC0-A7CF-36070640193F}.Debug|Any CPU.ActiveCfg = Debug|Any CPU
		{02DB53CB-7539-4EC0-A7CF-36070640193F}.Debug|Any CPU.Build.0 = Debug|Any CPU
		{02DB53CB-7539-4EC0-A7CF-36070640193F}.Debug|ARM.ActiveCfg = Debug|Any CPU
		{02DB53CB-7539-4EC0-A7CF-36070640193F}.Debug|ARM.Build.0 = Debug|Any CPU
		{02DB53CB-7539-4EC0-A7CF-36070640193F}.Debug|x64.ActiveCfg = Debug|Any CPU
		{02DB53CB-7539-4EC0-A7CF-36070640193F}.Debug|x64.Build.0 = Debug|Any CPU
		{02DB53CB-7539-4EC0-A7CF-36070640193F}.Debug|x86.ActiveCfg = Debug|Any CPU
		{02DB53CB-7539-4EC0-A7CF-36070640193F}.Debug|x86.Build.0 = Debug|Any CPU
		{02DB53CB-7539-4EC0-A7CF-36070640193F}.Release|Any CPU.ActiveCfg = Release|Any CPU
		{02DB53CB-7539-4EC0-A7CF-36070640193F}.Release|Any CPU.Build.0 = Release|Any CPU
		{02DB53CB-7539-4EC0-A7CF-36070640193F}.Release|ARM.ActiveCfg = Release|Any CPU
		{02DB53CB-7539-4EC0-A7CF-36070640193F}.Release|ARM.Build.0 = Release|Any CPU
		{02DB53CB-7539-4EC0-A7CF-36070640193F}.Release|x64.ActiveCfg = Release|Any CPU
		{02DB53CB-7539-4EC0-A7CF-36070640193F}.Release|x64.Build.0 = Release|Any CPU
		{02DB53CB-7539-4EC0-A7CF-36070640193F}.Release|x86.ActiveCfg = Release|Any CPU
		{02DB53CB-7539-4EC0-A7CF-36070640193F}.Release|x86.Build.0 = Release|Any CPU
		{47409EAB-FFBD-49C9-8296-E39B47F4EA74}.Beta Debug|Any CPU.ActiveCfg = Beta Debug|Any CPU
		{47409EAB-FFBD-49C9-8296-E39B47F4EA74}.Beta Debug|Any CPU.Build.0 = Beta Debug|Any CPU
		{47409EAB-FFBD-49C9-8296-E39B47F4EA74}.Beta Debug|ARM.ActiveCfg = Beta Debug|Any CPU
		{47409EAB-FFBD-49C9-8296-E39B47F4EA74}.Beta Debug|ARM.Build.0 = Beta Debug|Any CPU
		{47409EAB-FFBD-49C9-8296-E39B47F4EA74}.Beta Debug|x64.ActiveCfg = Beta Debug|Any CPU
		{47409EAB-FFBD-49C9-8296-E39B47F4EA74}.Beta Debug|x64.Build.0 = Beta Debug|Any CPU
		{47409EAB-FFBD-49C9-8296-E39B47F4EA74}.Beta Debug|x86.ActiveCfg = Beta Debug|Any CPU
		{47409EAB-FFBD-49C9-8296-E39B47F4EA74}.Beta Debug|x86.Build.0 = Beta Debug|Any CPU
		{47409EAB-FFBD-49C9-8296-E39B47F4EA74}.Debug|Any CPU.ActiveCfg = Debug|Any CPU
		{47409EAB-FFBD-49C9-8296-E39B47F4EA74}.Debug|Any CPU.Build.0 = Debug|Any CPU
		{47409EAB-FFBD-49C9-8296-E39B47F4EA74}.Debug|ARM.ActiveCfg = Debug|Any CPU
		{47409EAB-FFBD-49C9-8296-E39B47F4EA74}.Debug|ARM.Build.0 = Debug|Any CPU
		{47409EAB-FFBD-49C9-8296-E39B47F4EA74}.Debug|x64.ActiveCfg = Debug|Any CPU
		{47409EAB-FFBD-49C9-8296-E39B47F4EA74}.Debug|x64.Build.0 = Debug|Any CPU
		{47409EAB-FFBD-49C9-8296-E39B47F4EA74}.Debug|x86.ActiveCfg = Debug|Any CPU
		{47409EAB-FFBD-49C9-8296-E39B47F4EA74}.Debug|x86.Build.0 = Debug|Any CPU
		{47409EAB-FFBD-49C9-8296-E39B47F4EA74}.Release|Any CPU.ActiveCfg = Release|Any CPU
		{47409EAB-FFBD-49C9-8296-E39B47F4EA74}.Release|Any CPU.Build.0 = Release|Any CPU
		{47409EAB-FFBD-49C9-8296-E39B47F4EA74}.Release|ARM.ActiveCfg = Release|Any CPU
		{47409EAB-FFBD-49C9-8296-E39B47F4EA74}.Release|ARM.Build.0 = Release|Any CPU
		{47409EAB-FFBD-49C9-8296-E39B47F4EA74}.Release|x64.ActiveCfg = Release|Any CPU
		{47409EAB-FFBD-49C9-8296-E39B47F4EA74}.Release|x64.Build.0 = Release|Any CPU
		{47409EAB-FFBD-49C9-8296-E39B47F4EA74}.Release|x86.ActiveCfg = Release|Any CPU
		{47409EAB-FFBD-49C9-8296-E39B47F4EA74}.Release|x86.Build.0 = Release|Any CPU
		{79ECE96B-4248-4D5A-B2B7-90E9C7D38EC6}.Beta Debug|Any CPU.ActiveCfg = Debug|Any CPU
		{79ECE96B-4248-4D5A-B2B7-90E9C7D38EC6}.Beta Debug|Any CPU.Build.0 = Debug|Any CPU
		{79ECE96B-4248-4D5A-B2B7-90E9C7D38EC6}.Beta Debug|ARM.ActiveCfg = Debug|ARM
		{79ECE96B-4248-4D5A-B2B7-90E9C7D38EC6}.Beta Debug|ARM.Build.0 = Debug|ARM
		{79ECE96B-4248-4D5A-B2B7-90E9C7D38EC6}.Beta Debug|x64.ActiveCfg = Debug|x64
		{79ECE96B-4248-4D5A-B2B7-90E9C7D38EC6}.Beta Debug|x64.Build.0 = Debug|x64
		{79ECE96B-4248-4D5A-B2B7-90E9C7D38EC6}.Beta Debug|x86.ActiveCfg = Debug|x86
		{79ECE96B-4248-4D5A-B2B7-90E9C7D38EC6}.Beta Debug|x86.Build.0 = Debug|x86
		{79ECE96B-4248-4D5A-B2B7-90E9C7D38EC6}.Debug|Any CPU.ActiveCfg = Debug|Any CPU
		{79ECE96B-4248-4D5A-B2B7-90E9C7D38EC6}.Debug|Any CPU.Build.0 = Debug|Any CPU
		{79ECE96B-4248-4D5A-B2B7-90E9C7D38EC6}.Debug|ARM.ActiveCfg = Debug|ARM
		{79ECE96B-4248-4D5A-B2B7-90E9C7D38EC6}.Debug|ARM.Build.0 = Debug|ARM
		{79ECE96B-4248-4D5A-B2B7-90E9C7D38EC6}.Debug|x64.ActiveCfg = Debug|x64
		{79ECE96B-4248-4D5A-B2B7-90E9C7D38EC6}.Debug|x64.Build.0 = Debug|x64
		{79ECE96B-4248-4D5A-B2B7-90E9C7D38EC6}.Debug|x86.ActiveCfg = Debug|x86
		{79ECE96B-4248-4D5A-B2B7-90E9C7D38EC6}.Debug|x86.Build.0 = Debug|x86
		{79ECE96B-4248-4D5A-B2B7-90E9C7D38EC6}.Release|Any CPU.ActiveCfg = Release|Any CPU
		{79ECE96B-4248-4D5A-B2B7-90E9C7D38EC6}.Release|Any CPU.Build.0 = Release|Any CPU
		{79ECE96B-4248-4D5A-B2B7-90E9C7D38EC6}.Release|ARM.ActiveCfg = Release|ARM
		{79ECE96B-4248-4D5A-B2B7-90E9C7D38EC6}.Release|ARM.Build.0 = Release|ARM
		{79ECE96B-4248-4D5A-B2B7-90E9C7D38EC6}.Release|x64.ActiveCfg = Release|x64
		{79ECE96B-4248-4D5A-B2B7-90E9C7D38EC6}.Release|x64.Build.0 = Release|x64
		{79ECE96B-4248-4D5A-B2B7-90E9C7D38EC6}.Release|x86.ActiveCfg = Release|x86
		{79ECE96B-4248-4D5A-B2B7-90E9C7D38EC6}.Release|x86.Build.0 = Release|x86
		{08316E7A-C1B7-4C75-B5CF-34FC87C1A5A4}.Beta Debug|Any CPU.ActiveCfg = Debug|Any CPU
		{08316E7A-C1B7-4C75-B5CF-34FC87C1A5A4}.Beta Debug|Any CPU.Build.0 = Debug|Any CPU
		{08316E7A-C1B7-4C75-B5CF-34FC87C1A5A4}.Beta Debug|ARM.ActiveCfg = Debug|ARM
		{08316E7A-C1B7-4C75-B5CF-34FC87C1A5A4}.Beta Debug|ARM.Build.0 = Debug|ARM
		{08316E7A-C1B7-4C75-B5CF-34FC87C1A5A4}.Beta Debug|x64.ActiveCfg = Debug|x64
		{08316E7A-C1B7-4C75-B5CF-34FC87C1A5A4}.Beta Debug|x64.Build.0 = Debug|x64
		{08316E7A-C1B7-4C75-B5CF-34FC87C1A5A4}.Beta Debug|x86.ActiveCfg = Debug|x86
		{08316E7A-C1B7-4C75-B5CF-34FC87C1A5A4}.Beta Debug|x86.Build.0 = Debug|x86
		{08316E7A-C1B7-4C75-B5CF-34FC87C1A5A4}.Debug|Any CPU.ActiveCfg = Debug|Any CPU
		{08316E7A-C1B7-4C75-B5CF-34FC87C1A5A4}.Debug|Any CPU.Build.0 = Debug|Any CPU
		{08316E7A-C1B7-4C75-B5CF-34FC87C1A5A4}.Debug|ARM.ActiveCfg = Debug|ARM
		{08316E7A-C1B7-4C75-B5CF-34FC87C1A5A4}.Debug|ARM.Build.0 = Debug|ARM
		{08316E7A-C1B7-4C75-B5CF-34FC87C1A5A4}.Debug|x64.ActiveCfg = Debug|x64
		{08316E7A-C1B7-4C75-B5CF-34FC87C1A5A4}.Debug|x64.Build.0 = Debug|x64
		{08316E7A-C1B7-4C75-B5CF-34FC87C1A5A4}.Debug|x86.ActiveCfg = Debug|x86
		{08316E7A-C1B7-4C75-B5CF-34FC87C1A5A4}.Debug|x86.Build.0 = Debug|x86
		{08316E7A-C1B7-4C75-B5CF-34FC87C1A5A4}.Release|Any CPU.ActiveCfg = Release|Any CPU
		{08316E7A-C1B7-4C75-B5CF-34FC87C1A5A4}.Release|Any CPU.Build.0 = Release|Any CPU
		{08316E7A-C1B7-4C75-B5CF-34FC87C1A5A4}.Release|ARM.ActiveCfg = Release|ARM
		{08316E7A-C1B7-4C75-B5CF-34FC87C1A5A4}.Release|ARM.Build.0 = Release|ARM
		{08316E7A-C1B7-4C75-B5CF-34FC87C1A5A4}.Release|x64.ActiveCfg = Release|x64
		{08316E7A-C1B7-4C75-B5CF-34FC87C1A5A4}.Release|x64.Build.0 = Release|x64
		{08316E7A-C1B7-4C75-B5CF-34FC87C1A5A4}.Release|x86.ActiveCfg = Release|x86
		{08316E7A-C1B7-4C75-B5CF-34FC87C1A5A4}.Release|x86.Build.0 = Release|x86
	EndGlobalSection
	GlobalSection(SolutionProperties) = preSolution
		HideSolutionNode = FALSE
	EndGlobalSection
EndGlobal
